
Microsoft Visual Studio Solution File, Format Version 12.00
# Visual Studio 2015
Project("{FAE04EC0-301F-11D3-BF4B-00C04F79EFBC}") = "hand test.CSharp", "hand test.CSharp.csproj", "{D8AE1BF9-C751-8686-2F97-CD52C35C8303}"
EndProject
Project("{FAE04EC0-301F-11D3-BF4B-00C04F79EFBC}") = "hand test.CSharp.Editor", "hand test.CSharp.Editor.csproj", "{ED539C3D-080F-A6BE-8D2D-51AAAEE20757}"
EndProject
Global
	GlobalSection(SolutionConfigurationPlatforms) = preSolution
		Debug|Any CPU = Debug|Any CPU
		Release|Any CPU = Release|Any CPU
	EndGlobalSection
	GlobalSection(ProjectConfigurationPlatforms) = postSolution
		{D8AE1BF9-C751-8686-2F97-CD52C35C8303}.Debug|Any CPU.ActiveCfg = Debug|Any CPU
		{D8AE1BF9-C751-8686-2F97-CD52C35C8303}.Debug|Any CPU.Build.0 = Debug|Any CPU
		{D8AE1BF9-C751-8686-2F97-CD52C35C8303}.Release|Any CPU.ActiveCfg = Release|Any CPU
		{D8AE1BF9-C751-8686-2F97-CD52C35C8303}.Release|Any CPU.Build.0 = Release|Any CPU
		{ED539C3D-080F-A6BE-8D2D-51AAAEE20757}.Debug|Any CPU.ActiveCfg = Debug|Any CPU
		{ED539C3D-080F-A6BE-8D2D-51AAAEE20757}.Debug|Any CPU.Build.0 = Debug|Any CPU
		{ED539C3D-080F-A6BE-8D2D-51AAAEE20757}.Release|Any CPU.ActiveCfg = Release|Any CPU
		{ED539C3D-080F-A6BE-8D2D-51AAAEE20757}.Release|Any CPU.Build.0 = Release|Any CPU
	EndGlobalSection
	GlobalSection(SolutionProperties) = preSolution
		HideSolutionNode = FALSE
	EndGlobalSection
EndGlobal
