Microsoft Visual Studio Solution File, Format Version 11.00
# Visual Studio 2008

Project("{0D25EF30-0AFA-A991-114E-4BF8C4BC9D85}") = "JeuDeTirVirtuel", "Assembly-CSharp.csproj", "{80CA25EA-CF99-DDD2-02A3-37F12C7B5FD1}"
EndProject
Project("{0D25EF30-0AFA-A991-114E-4BF8C4BC9D85}") = "JeuDeTirVirtuel", "Assembly-CSharp-Editor.csproj", "{09CCC190-1887-E3AE-1153-C2944A07FD6E}"
EndProject
Global
	GlobalSection(SolutionConfigurationPlatforms) = preSolution
		Debug|Any CPU = Debug|Any CPU
		Release|Any CPU = Release|Any CPU
	EndGlobalSection
	GlobalSection(ProjectConfigurationPlatforms) = postSolution
		{80CA25EA-CF99-DDD2-02A3-37F12C7B5FD1}.Debug|Any CPU.ActiveCfg = Debug|Any CPU
		{80CA25EA-CF99-DDD2-02A3-37F12C7B5FD1}.Debug|Any CPU.Build.0 = Debug|Any CPU
		{80CA25EA-CF99-DDD2-02A3-37F12C7B5FD1}.Release|Any CPU.ActiveCfg = Release|Any CPU
		{80CA25EA-CF99-DDD2-02A3-37F12C7B5FD1}.Release|Any CPU.Build.0 = Release|Any CPU
		{09CCC190-1887-E3AE-1153-C2944A07FD6E}.Debug|Any CPU.ActiveCfg = Debug|Any CPU
		{09CCC190-1887-E3AE-1153-C2944A07FD6E}.Debug|Any CPU.Build.0 = Debug|Any CPU
		{09CCC190-1887-E3AE-1153-C2944A07FD6E}.Release|Any CPU.ActiveCfg = Release|Any CPU
		{09CCC190-1887-E3AE-1153-C2944A07FD6E}.Release|Any CPU.Build.0 = Release|Any CPU
	EndGlobalSection
	GlobalSection(SolutionProperties) = preSolution
		HideSolutionNode = FALSE
	EndGlobalSection
	GlobalSection(MonoDevelopProperties) = preSolution
		StartupItem = Assembly-CSharp.csproj
	EndGlobalSection
EndGlobal
